
Microsoft Visual Studio Solution File, Format Version 12.00
# Visual Studio 2012
Project("{FAE04EC0-301F-11D3-BF4B-00C04F79EFBC}") = "gestionEstudiantes", "gestionEstudiantes\gestionEstudiantes.csproj", "{5AB69F21-6134-43C1-A6C2-2A236F71E831}"
EndProject
Global
	GlobalSection(SolutionConfigurationPlatforms) = preSolution
		Debug|Any CPU = Debug|Any CPU
		Release|Any CPU = Release|Any CPU
	EndGlobalSection
	GlobalSection(ProjectConfigurationPlatforms) = postSolution
		{5AB69F21-6134-43C1-A6C2-2A236F71E831}.Debug|Any CPU.ActiveCfg = Debug|Any CPU
		{5AB69F21-6134-43C1-A6C2-2A236F71E831}.Debug|Any CPU.Build.0 = Debug|Any CPU
		{5AB69F21-6134-43C1-A6C2-2A236F71E831}.Release|Any CPU.ActiveCfg = Release|Any CPU
		{5AB69F21-6134-43C1-A6C2-2A236F71E831}.Release|Any CPU.Build.0 = Release|Any CPU
	EndGlobalSection
	GlobalSection(SolutionProperties) = preSolution
		HideSolutionNode = FALSE
	EndGlobalSection
	GlobalSection(ExtensibilityGlobals) = postSolution
		VisualSVNWorkingCopyRoot = .
	EndGlobalSection
EndGlobal
